# THIS IS AN AUTOGENERATED FILE. DO NOT EDIT THIS FILE DIRECTLY.
# yarn lockfile v1


"@augment-vir/common@^23.3.4":
  version "23.4.0"
  resolved "https://registry.yarnpkg.com/@augment-vir/common/-/common-23.4.0.tgz#8aa3930c86414899c273342cc22945a0dc128c64"
  integrity sha512-QIrJ1doD00TNbOzeVrk9KgPTzRlIjayxERnhtbQjK/AFPj5yElcB03GbnGdQZPzws/R+5gfMM5cZiH7QyBP+Kg==
  dependencies:
    browser-or-node "^2.1.1"
    run-time-assertions "^1.0.0"
    type-fest "^4.10.2"

"@augment-vir/common@^28.1.0":
  version "28.2.4"
  resolved "https://registry.yarnpkg.com/@augment-vir/common/-/common-28.2.4.tgz#6119bd8dbeca529c38d834772fbff5c588a4b2a2"
  integrity sha512-5Ib0OX7YlxAuFrG+MAoTsz6RlKMcbdMdoNGcEEKH/ezc/ZKMy/IHZ9Z/ZcCHYopZ4ocGXzVY4KUOiJ8+CXXvTA==
  dependencies:
    browser-or-node "^3.0.0"
    run-time-assertions "^1.5.1"
    type-fest "^4.20.1"

"@augment-vir/common@^29.3.0":
  version "29.3.0"
  resolved "https://registry.yarnpkg.com/@augment-vir/common/-/common-29.3.0.tgz#7f1e39221555698a7a5ef084ca6369f2ed443397"
  integrity sha512-k3OX35/576thmGUzQUBcCKGarb7ONBfiu07+iV2vxmjl7VoB1rOB0vu8WqgB1ceJq2EMLDPXY18hHpJ9WeTHXQ==
  dependencies:
    browser-or-node "^3.0.0"
    run-time-assertions "^1.5.1"
    type-fest "^4.21.0"

browser-or-node@^2.1.1:
  version "2.1.1"
  resolved "https://registry.yarnpkg.com/browser-or-node/-/browser-or-node-2.1.1.tgz#738790b3a86a8fc020193fa581273fbe65eaea0f"
  integrity sha512-8CVjaLJGuSKMVTxJ2DpBl5XnlNDiT4cQFeuCJJrvJmts9YrTZDizTX7PjC2s6W4x+MBGZeEY6dGMrF04/6Hgqg==

browser-or-node@^3.0.0:
  version "3.0.0"
  resolved "https://registry.yarnpkg.com/browser-or-node/-/browser-or-node-3.0.0.tgz#2b11335570b28887e0bf5cd857f2e8062c6ae293"
  integrity sha512-iczIdVJzGEYhP5DqQxYM9Hh7Ztpqqi+CXZpSmX8ALFs9ecXkQIeqRyM6TfxEfMVpwhl3dSuDvxdzzo9sUOIVBQ==

expect-type@~0.15.0:
  version "0.15.0"
  resolved "https://registry.yarnpkg.com/expect-type/-/expect-type-0.15.0.tgz#89f75e22c88554844ea2b2faf4ef5fc2e579d3b5"
  integrity sha512-yWnriYB4e8G54M5/fAFj7rCIBiKs1HAACaY13kCz6Ku0dezjS9aMcfcdVK2X8Tv2tEV1BPz/wKfQ7WA4S/d8aA==

prettier-plugin-multiline-arrays@^3.0.6:
  version "3.0.6"
  resolved "https://registry.yarnpkg.com/prettier-plugin-multiline-arrays/-/prettier-plugin-multiline-arrays-3.0.6.tgz#6608f46457d1372585088172d6ec26740d362f6c"
  integrity sha512-FrWVa7MoDQo9b5XoLPrqIDClb0k+O8wOIsIr1DutRXhcerLY8PfIe/yYeTVD/vpRISkSXCBEYmj5Voe0wb5dEQ==
  dependencies:
    "@augment-vir/common" "^28.1.0"
    proxy-vir "^1.0.0"

proxy-vir@^1.0.0:
  version "1.0.0"
  resolved "https://registry.yarnpkg.com/proxy-vir/-/proxy-vir-1.0.0.tgz#1b1dd48e829093d4d789779d082a9783d206a8c0"
  integrity sha512-WV1gkBxUOwLSz0Bn09tisIqLK7leAqtFm/474t3L0hQKJw7/gdrkGcWw0/OT1PhSy+TDS6swfq7Niuoq3XJhkQ==
  dependencies:
    "@augment-vir/common" "^23.3.4"

run-time-assertions@^1.0.0, run-time-assertions@^1.5.1:
  version "1.5.2"
  resolved "https://registry.yarnpkg.com/run-time-assertions/-/run-time-assertions-1.5.2.tgz#f0f5ffebd9fe406f5fab0f51f03a57eb91d449d8"
  integrity sha512-ccfwvjGuNU14cSSXLlmPRiqEgMfA7w3J2TViO79zMnzXGvE6FJ0dxnhIQGwe5r/vwySOJ4sqZksexo9wyAlA8g==
  dependencies:
    "@augment-vir/common" "^29.3.0"
    expect-type "~0.15.0"
    type-fest "^4.22.0"

type-fest@^4.10.2, type-fest@^4.20.1, type-fest@^4.21.0, type-fest@^4.22.0:
  version "4.41.0"
  resolved "https://registry.yarnpkg.com/type-fest/-/type-fest-4.41.0.tgz#6ae1c8e5731273c2bf1f58ad39cbae2c91a46c58"
  integrity sha512-TeTSQ6H5YHvpqVwBRcnLDCBnDOHWYu7IvGbHT6N8AOymcr9PJGjc1GTtiWZTYg0NCgYwvnYWEkVChQAr9bjfwA==
